
Microsoft Visual Studio Solution File, Format Version 12.00
# Visual Studio 15
VisualStudioVersion = 15.0.27130.2036
MinimumVisualStudioVersion = 10.0.40219.1
Project("{9A19103F-16F7-4668-BE54-9A1E7A4F7556}") = "Tech.NumberValidator", "Tech.NumberValidator\Tech.NumberValidator.csproj", "{D8BEF15F-A8CE-4DDC-84FA-F7C4FD82EDC6}"
EndProject
Project("{9A19103F-16F7-4668-BE54-9A1E7A4F7556}") = "Tech.NumberValidator.Tests", "Tech.NumberValidator.Tests\Tech.NumberValidator.Tests.csproj", "{3FB1751D-C231-4A18-93C0-98B5243F2CD2}"
EndProject
Project("{2150E333-8FDC-42A3-9474-1A3956D46DE8}") = "Nuget", "Nuget", "{FFC1DB9B-EF1E-40A4-8955-2CFB43AD5CDC}"
	ProjectSection(SolutionItems) = preProject
		Tech.NumberValidator\Tech.NumberValidator.nuspec = Tech.NumberValidator\Tech.NumberValidator.nuspec
	EndProjectSection
EndProject
Global
	GlobalSection(SolutionConfigurationPlatforms) = preSolution
		Debug|Any CPU = Debug|Any CPU
		Release|Any CPU = Release|Any CPU
	EndGlobalSection
	GlobalSection(ProjectConfigurationPlatforms) = postSolution
		{D8BEF15F-A8CE-4DDC-84FA-F7C4FD82EDC6}.Debug|Any CPU.ActiveCfg = Debug|Any CPU
		{D8BEF15F-A8CE-4DDC-84FA-F7C4FD82EDC6}.Debug|Any CPU.Build.0 = Debug|Any CPU
		{D8BEF15F-A8CE-4DDC-84FA-F7C4FD82EDC6}.Release|Any CPU.ActiveCfg = Release|Any CPU
		{D8BEF15F-A8CE-4DDC-84FA-F7C4FD82EDC6}.Release|Any CPU.Build.0 = Release|Any CPU
		{3FB1751D-C231-4A18-93C0-98B5243F2CD2}.Debug|Any CPU.ActiveCfg = Debug|Any CPU
		{3FB1751D-C231-4A18-93C0-98B5243F2CD2}.Debug|Any CPU.Build.0 = Debug|Any CPU
		{3FB1751D-C231-4A18-93C0-98B5243F2CD2}.Release|Any CPU.ActiveCfg = Release|Any CPU
		{3FB1751D-C231-4A18-93C0-98B5243F2CD2}.Release|Any CPU.Build.0 = Release|Any CPU
	EndGlobalSection
	GlobalSection(SolutionProperties) = preSolution
		HideSolutionNode = FALSE
	EndGlobalSection
	GlobalSection(ExtensibilityGlobals) = postSolution
		SolutionGuid = {0168B5E0-6363-405E-859B-F22CD27D96BD}
	EndGlobalSection
EndGlobal
